
Microsoft Visual Studio Solution File, Format Version 12.00
# Visual Studio Version 16
VisualStudioVersion = 16.0.32510.428
MinimumVisualStudioVersion = 10.0.40219.1
Project("{9A19103F-16F7-4668-BE54-9A1E7A4F7556}") = "CustomStack", "CustomList\CustomStack.csproj", "{66566309-E729-4442-8CF8-D4F8D9D7681B}"
EndProject
Global
	GlobalSection(SolutionConfigurationPlatforms) = preSolution
		Debug|Any CPU = Debug|Any CPU
		Release|Any CPU = Release|Any CPU
	EndGlobalSection
	GlobalSection(ProjectConfigurationPlatforms) = postSolution
		{66566309-E729-4442-8CF8-D4F8D9D7681B}.Debug|Any CPU.ActiveCfg = Debug|Any CPU
		{66566309-E729-4442-8CF8-D4F8D9D7681B}.Debug|Any CPU.Build.0 = Debug|Any CPU
		{66566309-E729-4442-8CF8-D4F8D9D7681B}.Release|Any CPU.ActiveCfg = Release|Any CPU
		{66566309-E729-4442-8CF8-D4F8D9D7681B}.Release|Any CPU.Build.0 = Release|Any CPU
	EndGlobalSection
	GlobalSection(SolutionProperties) = preSolution
		HideSolutionNode = FALSE
	EndGlobalSection
	GlobalSection(ExtensibilityGlobals) = postSolution
		SolutionGuid = {8FD8E0FB-D949-4C13-8C63-C5BB017D4B90}
	EndGlobalSection
EndGlobal
